{
  "requires": true,
  "lockfileVersion": 1,
  "dependencies": {
    "@types/paho-mqtt": {
      "version": "1.0.4",
      "resolved": "https://registry.npmjs.org/@types/paho-mqtt/-/paho-mqtt-1.0.4.tgz",
      "integrity": "sha512-6dr4CEFZESwhY278sg0vTazsnAdwmloD5edD/7jCkBS5chKhtdStNpdLlaPdbTqmEeOhsEb+NJYVKbJF5sArBg=="
    }
  }
}
